// !$*UTF8*$!
{
	archiveVersion = 1;
	classes = {
	};
	objectVersion = 56;
	objects = {

/* Begin PBXBuildFile section */
		06E0C51A2B49C0A900141750 /* AppDelegate.swift in Sources */ = {isa = PBXBuildFile; fileRef = 06E0C5192B49C0A900141750 /* AppDelegate.swift */; };
		06E0C51C2B49C0A900141750 /* SceneDelegate.swift in Sources */ = {isa = PBXBuildFile; fileRef = 06E0C51B2B49C0A900141750 /* SceneDelegate.swift */; };
		06E0C51E2B49C0A900141750 /* MainViewController.swift in Sources */ = {isa = PBXBuildFile; fileRef = 06E0C51D2B49C0A900141750 /* MainViewController.swift */; };
		06E0C5212B49C0A900141750 /* Main.storyboard in Resources */ = {isa = PBXBuildFile; fileRef = 06E0C51F2B49C0A900141750 /* Main.storyboard */; };
		06E0C5232B49C0AC00141750 /* Assets.xcassets in Resources */ = {isa = PBXBuildFile; fileRef = 06E0C5222B49C0AC00141750 /* Assets.xcassets */; };
		06E0C5262B49C0AC00141750 /* LaunchScreen.storyboard in Resources */ = {isa = PBXBuildFile; fileRef = 06E0C5242B49C0AC00141750 /* LaunchScreen.storyboard */; };
		06E0C5422B4AB7F700141750 /* Card.swift in Sources */ = {isa = PBXBuildFile; fileRef = 06E0C5412B4AB7F700141750 /* Card.swift */; };
		06E0C5472B4AB90900141750 /* CardView.swift in Sources */ = {isa = PBXBuildFile; fileRef = 06E0C5462B4AB90900141750 /* CardView.swift */; };
		06E0C5492B4AC52700141750 /* StackCardsView.swift in Sources */ = {isa = PBXBuildFile; fileRef = 06E0C5482B4AC52700141750 /* StackCardsView.swift */; };
		06E0C54D2B4AC7B300141750 /* MainViewModel.swift in Sources */ = {isa = PBXBuildFile; fileRef = 06E0C54C2B4AC7B300141750 /* MainViewModel.swift */; };
/* End PBXBuildFile section */

/* Begin PBXFileReference section */
		06E0C5162B49C0A900141750 /* SwipeCards.app */ = {isa = PBXFileReference; explicitFileType = wrapper.application; includeInIndex = 0; path = SwipeCards.app; sourceTree = BUILT_PRODUCTS_DIR; };
		06E0C5192B49C0A900141750 /* AppDelegate.swift */ = {isa = PBXFileReference; lastKnownFileType = sourcecode.swift; path = AppDelegate.swift; sourceTree = "<group>"; };
		06E0C51B2B49C0A900141750 /* SceneDelegate.swift */ = {isa = PBXFileReference; lastKnownFileType = sourcecode.swift; path = SceneDelegate.swift; sourceTree = "<group>"; };
		06E0C51D2B49C0A900141750 /* MainViewController.swift */ = {isa = PBXFileReference; lastKnownFileType = sourcecode.swift; path = MainViewController.swift; sourceTree = "<group>"; };
		06E0C5202B49C0A900141750 /* Base */ = {isa = PBXFileReference; lastKnownFileType = file.storyboard; name = Base; path = Base.lproj/Main.storyboard; sourceTree = "<group>"; };
		06E0C5222B49C0AC00141750 /* Assets.xcassets */ = {isa = PBXFileReference; lastKnownFileType = folder.assetcatalog; path = Assets.xcassets; sourceTree = "<group>"; };
		06E0C5252B49C0AC00141750 /* Base */ = {isa = PBXFileReference; lastKnownFileType = file.storyboard; name = Base; path = Base.lproj/LaunchScreen.storyboard; sourceTree = "<group>"; };
		06E0C5272B49C0AC00141750 /* Info.plist */ = {isa = PBXFileReference; lastKnownFileType = text.plist.xml; path = Info.plist; sourceTree = "<group>"; };
		06E0C5412B4AB7F700141750 /* Card.swift */ = {isa = PBXFileReference; lastKnownFileType = sourcecode.swift; path = Card.swift; sourceTree = "<group>"; };
		06E0C5462B4AB90900141750 /* CardView.swift */ = {isa = PBXFileReference; lastKnownFileType = sourcecode.swift; path = CardView.swift; sourceTree = "<group>"; };
		06E0C5482B4AC52700141750 /* StackCardsView.swift */ = {isa = PBXFileReference; lastKnownFileType = sourcecode.swift; path = StackCardsView.swift; sourceTree = "<group>"; };
		06E0C54C2B4AC7B300141750 /* MainViewModel.swift */ = {isa = PBXFileReference; lastKnownFileType = sourcecode.swift; path = MainViewModel.swift; sourceTree = "<group>"; };
/* End PBXFileReference section */

/* Begin PBXFrameworksBuildPhase section */
		06E0C5132B49C0A900141750 /* Frameworks */ = {
			isa = PBXFrameworksBuildPhase;
			buildActionMask = 2147483647;
			files = (
			);
			runOnlyForDeploymentPostprocessing = 0;
		};
/* End PBXFrameworksBuildPhase section */

/* Begin PBXGroup section */
		06E0C50D2B49C0A900141750 = {
			isa = PBXGroup;
			children = (
				06E0C5182B49C0A900141750 /* SwipeCards */,
				06E0C5172B49C0A900141750 /* Products */,
			);
			sourceTree = "<group>";
		};
		06E0C5172B49C0A900141750 /* Products */ = {
			isa = PBXGroup;
			children = (
				06E0C5162B49C0A900141750 /* SwipeCards.app */,
			);
			name = Products;
			sourceTree = "<group>";
		};
		06E0C5182B49C0A900141750 /* SwipeCards */ = {
			isa = PBXGroup;
			children = (
				06E0C5402B4AB7E100141750 /* Model */,
				06E0C5432B4AB87A00141750 /* Module */,
				06E0C54F2B4AE23100141750 /* Resources */,
				06E0C54E2B4AE1D100141750 /* Supporting Files */,
			);
			path = SwipeCards;
			sourceTree = "<group>";
		};
		06E0C5402B4AB7E100141750 /* Model */ = {
			isa = PBXGroup;
			children = (
				06E0C5412B4AB7F700141750 /* Card.swift */,
			);
			path = Model;
			sourceTree = "<group>";
		};
		06E0C5432B4AB87A00141750 /* Module */ = {
			isa = PBXGroup;
			children = (
				06E0C5442B4AB89C00141750 /* Main */,
			);
			path = Module;
			sourceTree = "<group>";
		};
		06E0C5442B4AB89C00141750 /* Main */ = {
			isa = PBXGroup;
			children = (
				06E0C5452B4AB8D300141750 /* Views */,
				06E0C51D2B49C0A900141750 /* MainViewController.swift */,
				06E0C54C2B4AC7B300141750 /* MainViewModel.swift */,
			);
			path = Main;
			sourceTree = "<group>";
		};
		06E0C5452B4AB8D300141750 /* Views */ = {
			isa = PBXGroup;
			children = (
				06E0C5462B4AB90900141750 /* CardView.swift */,
				06E0C5482B4AC52700141750 /* StackCardsView.swift */,
			);
			path = Views;
			sourceTree = "<group>";
		};
		06E0C54E2B4AE1D100141750 /* Supporting Files */ = {
			isa = PBXGroup;
			children = (
				06E0C5192B49C0A900141750 /* AppDelegate.swift */,
				06E0C51B2B49C0A900141750 /* SceneDelegate.swift */,
				06E0C5272B49C0AC00141750 /* Info.plist */,
			);
			path = "Supporting Files";
			sourceTree = "<group>";
		};
		06E0C54F2B4AE23100141750 /* Resources */ = {
			isa = PBXGroup;
			children = (
				06E0C51F2B49C0A900141750 /* Main.storyboard */,
				06E0C5242B49C0AC00141750 /* LaunchScreen.storyboard */,
				06E0C5222B49C0AC00141750 /* Assets.xcassets */,
			);
			path = Resources;
			sourceTree = "<group>";
		};
/* End PBXGroup section */

/* Begin PBXNativeTarget section */
		06E0C5152B49C0A900141750 /* SwipeCards */ = {
			isa = PBXNativeTarget;
			buildConfigurationList = 06E0C52A2B49C0AC00141750 /* Build configuration list for PBXNativeTarget "SwipeCards" */;
			buildPhases = (
				06E0C5122B49C0A900141750 /* Sources */,
				06E0C5132B49C0A900141750 /* Frameworks */,
				06E0C5142B49C0A900141750 /* Resources */,
			);
			buildRules = (
			);
			dependencies = (
			);
			name = SwipeCards;
			productName = SwipeCards;
			productReference = 06E0C5162B49C0A900141750 /* SwipeCards.app */;
			productType = "com.apple.product-type.application";
		};
/* End PBXNativeTarget section */

/* Begin PBXProject section */
		06E0C50E2B49C0A900141750 /* Project object */ = {
			isa = PBXProject;
			attributes = {
				BuildIndependentTargetsInParallel = 1;
				LastSwiftUpdateCheck = 1420;
				LastUpgradeCheck = 1420;
				TargetAttributes = {
					06E0C5152B49C0A900141750 = {
						CreatedOnToolsVersion = 14.2;
					};
				};
			};
			buildConfigurationList = 06E0C5112B49C0A900141750 /* Build configuration list for PBXProject "SwipeCards" */;
			compatibilityVersion = "Xcode 14.0";
			developmentRegion = en;
			hasScannedForEncodings = 0;
			knownRegions = (
				en,
				Base,
			);
			mainGroup = 06E0C50D2B49C0A900141750;
			productRefGroup = 06E0C5172B49C0A900141750 /* Products */;
			projectDirPath = "";
			projectRoot = "";
			targets = (
				06E0C5152B49C0A900141750 /* SwipeCards */,
			);
		};
/* End PBXProject section */

/* Begin PBXResourcesBuildPhase section */
		06E0C5142B49C0A900141750 /* Resources */ = {
			isa = PBXResourcesBuildPhase;
			buildActionMask = 2147483647;
			files = (
				06E0C5262B49C0AC00141750 /* LaunchScreen.storyboard in Resources */,
				06E0C5232B49C0AC00141750 /* Assets.xcassets in Resources */,
				06E0C5212B49C0A900141750 /* Main.storyboard in Resources */,
			);
			runOnlyForDeploymentPostprocessing = 0;
		};
/* End PBXResourcesBuildPhase section */

/* Begin PBXSourcesBuildPhase section */
		06E0C5122B49C0A900141750 /* Sources */ = {
			isa = PBXSourcesBuildPhase;
			buildActionMask = 2147483647;
			files = (
				06E0C51E2B49C0A900141750 /* MainViewController.swift in Sources */,
				06E0C54D2B4AC7B300141750 /* MainViewModel.swift in Sources */,
				06E0C5492B4AC52700141750 /* StackCardsView.swift in Sources */,
				06E0C51A2B49C0A900141750 /* AppDelegate.swift in Sources */,
				06E0C51C2B49C0A900141750 /* SceneDelegate.swift in Sources */,
				06E0C5422B4AB7F700141750 /* Card.swift in Sources */,
				06E0C5472B4AB90900141750 /* CardView.swift in Sources */,
			);
			runOnlyForDeploymentPostprocessing = 0;
		};
/* End PBXSourcesBuildPhase section */

/* Begin PBXVariantGroup section */
		06E0C51F2B49C0A900141750 /* Main.storyboard */ = {
			isa = PBXVariantGroup;
			children = (
				06E0C5202B49C0A900141750 /* Base */,
			);
			name = Main.storyboard;
			sourceTree = "<group>";
		};
		06E0C5242B49C0AC00141750 /* LaunchScreen.storyboard */ = {
			isa = PBXVariantGroup;
			children = (
				06E0C5252B49C0AC00141750 /* Base */,
			);
			name = LaunchScreen.storyboard;
			sourceTree = "<group>";
		};
/* End PBXVariantGroup section */

/* Begin XCBuildConfiguration section */
		06E0C5282B49C0AC00141750 /* Debug */ = {
			isa = XCBuildConfiguration;
			buildSettings = {
				ALWAYS_SEARCH_USER_PATHS = NO;
				CLANG_ANALYZER_NONNULL = YES;
				CLANG_ANALYZER_NUMBER_OBJECT_CONVERSION = YES_AGGRESSIVE;
				CLANG_CXX_LANGUAGE_STANDARD = "gnu++20";
				CLANG_ENABLE_MODULES = YES;
				CLANG_ENABLE_OBJC_ARC = YES;
				CLANG_ENABLE_OBJC_WEAK = YES;
				CLANG_WARN_BLOCK_CAPTURE_AUTORELEASING = YES;
				CLANG_WARN_BOOL_CONVERSION = YES;
				CLANG_WARN_COMMA = YES;
				CLANG_WARN_CONSTANT_CONVERSION = YES;
				CLANG_WARN_DEPRECATED_OBJC_IMPLEMENTATIONS = YES;
				CLANG_WARN_DIRECT_OBJC_ISA_USAGE = YES_ERROR;
				CLANG_WARN_DOCUMENTATION_COMMENTS = YES;
				CLANG_WARN_EMPTY_BODY = YES;
				CLANG_WARN_ENUM_CONVERSION = YES;
				CLANG_WARN_INFINITE_RECURSION = YES;
				CLANG_WARN_INT_CONVERSION = YES;
				CLANG_WARN_NON_LITERAL_NULL_CONVERSION = YES;
				CLANG_WARN_OBJC_IMPLICIT_RETAIN_SELF = YES;
				CLANG_WARN_OBJC_LITERAL_CONVERSION = YES;
				CLANG_WARN_OBJC_ROOT_CLASS = YES_ERROR;
				CLANG_WARN_QUOTED_INCLUDE_IN_FRAMEWORK_HEADER = YES;
				CLANG_WARN_RANGE_LOOP_ANALYSIS = YES;
				CLANG_WARN_STRICT_PROTOTYPES = YES;
				CLANG_WARN_SUSPICIOUS_MOVE = YES;
				CLANG_WARN_UNGUARDED_AVAILABILITY = YES_AGGRESSIVE;
				CLANG_WARN_UNREACHABLE_CODE = YES;
				CLANG_WARN__DUPLICATE_METHOD_MATCH = YES;
				COPY_PHASE_STRIP = NO;
				DEBUG_INFORMATION_FORMAT = dwarf;
				ENABLE_STRICT_OBJC_MSGSEND = YES;
				ENABLE_TESTABILITY = YES;
				GCC_C_LANGUAGE_STANDARD = gnu11;
				GCC_DYNAMIC_NO_PIC = NO;
				GCC_NO_COMMON_BLOCKS = YES;
				GCC_OPTIMIZATION_LEVEL = 0;
				GCC_PREPROCESSOR_DEFINITIONS = (
					"DEBUG=1",
					"$(inherited)",
				);
				GCC_WARN_64_TO_32_BIT_CONVERSION = YES;
				GCC_WARN_ABOUT_RETURN_TYPE = YES_ERROR;
				GCC_WARN_UNDECLARED_SELECTOR = YES;
				GCC_WARN_UNINITIALIZED_AUTOS = YES_AGGRESSIVE;
				GCC_WARN_UNUSED_FUNCTION = YES;
				GCC_WARN_UNUSED_VARIABLE = YES;
				IPHONEOS_DEPLOYMENT_TARGET = 13.0;
				MTL_ENABLE_DEBUG_INFO = INCLUDE_SOURCE;
				MTL_FAST_MATH = YES;
				ONLY_ACTIVE_ARCH = YES;
				SDKROOT = iphoneos;
				SWIFT_ACTIVE_COMPILATION_CONDITIONS = DEBUG;
				SWIFT_OPTIMIZATION_LEVEL = "-Onone";
			};
			name = Debug;
		};
		06E0C5292B49C0AC00141750 /* Release */ = {
			isa = XCBuildConfiguration;
			buildSettings = {
				ALWAYS_SEARCH_USER_PATHS = NO;
				CLANG_ANALYZER_NONNULL = YES;
				CLANG_ANALYZER_NUMBER_OBJECT_CONVERSION = YES_AGGRESSIVE;
				CLANG_CXX_LANGUAGE_STANDARD = "gnu++20";
				CLANG_ENABLE_MODULES = YES;
				CLANG_ENABLE_OBJC_ARC = YES;
				CLANG_ENABLE_OBJC_WEAK = YES;
				CLANG_WARN_BLOCK_CAPTURE_AUTORELEASING = YES;
				CLANG_WARN_BOOL_CONVERSION = YES;
				CLANG_WARN_COMMA = YES;
				CLANG_WARN_CONSTANT_CONVERSION = YES;
				CLANG_WARN_DEPRECATED_OBJC_IMPLEMENTATIONS = YES;
				CLANG_WARN_DIRECT_OBJC_ISA_USAGE = YES_ERROR;
				CLANG_WARN_DOCUMENTATION_COMMENTS = YES;
				CLANG_WARN_EMPTY_BODY = YES;
				CLANG_WARN_ENUM_CONVERSION = YES;
				CLANG_WARN_INFINITE_RECURSION = YES;
				CLANG_WARN_INT_CONVERSION = YES;
				CLANG_WARN_NON_LITERAL_NULL_CONVERSION = YES;
				CLANG_WARN_OBJC_IMPLICIT_RETAIN_SELF = YES;
				CLANG_WARN_OBJC_LITERAL_CONVERSION = YES;
				CLANG_WARN_OBJC_ROOT_CLASS = YES_ERROR;
				CLANG_WARN_QUOTED_INCLUDE_IN_FRAMEWORK_HEADER = YES;
				CLANG_WARN_RANGE_LOOP_ANALYSIS = YES;
				CLANG_WARN_STRICT_PROTOTYPES = YES;
				CLANG_WARN_SUSPICIOUS_MOVE = YES;
				CLANG_WARN_UNGUARDED_AVAILABILITY = YES_AGGRESSIVE;
				CLANG_WARN_UNREACHABLE_CODE = YES;
				CLANG_WARN__DUPLICATE_METHOD_MATCH = YES;
				COPY_PHASE_STRIP = NO;
				DEBUG_INFORMATION_FORMAT = "dwarf-with-dsym";
				ENABLE_NS_ASSERTIONS = NO;
				ENABLE_STRICT_OBJC_MSGSEND = YES;
				GCC_C_LANGUAGE_STANDARD = gnu11;
				GCC_NO_COMMON_BLOCKS = YES;
				GCC_WARN_64_TO_32_BIT_CONVERSION = YES;
				GCC_WARN_ABOUT_RETURN_TYPE = YES_ERROR;
				GCC_WARN_UNDECLARED_SELECTOR = YES;
				GCC_WARN_UNINITIALIZED_AUTOS = YES_AGGRESSIVE;
				GCC_WARN_UNUSED_FUNCTION = YES;
				GCC_WARN_UNUSED_VARIABLE = YES;
				IPHONEOS_DEPLOYMENT_TARGET = 13.0;
				MTL_ENABLE_DEBUG_INFO = NO;
				MTL_FAST_MATH = YES;
				SDKROOT = iphoneos;
				SWIFT_COMPILATION_MODE = wholemodule;
				SWIFT_OPTIMIZATION_LEVEL = "-O";
				VALIDATE_PRODUCT = YES;
			};
			name = Release;
		};
		06E0C52B2B49C0AC00141750 /* Debug */ = {
			isa = XCBuildConfiguration;
			buildSettings = {
				ASSETCATALOG_COMPILER_APPICON_NAME = AppIcon;
				ASSETCATALOG_COMPILER_GLOBAL_ACCENT_COLOR_NAME = AccentColor;
				CODE_SIGN_STYLE = Automatic;
				CURRENT_PROJECT_VERSION = 1;
				DEVELOPMENT_TEAM = T5K8V44L2C;
				GENERATE_INFOPLIST_FILE = YES;
				INFOPLIST_FILE = "SwipeCards/Supporting Files/Info.plist";
				INFOPLIST_KEY_UIApplicationSupportsIndirectInputEvents = YES;
				INFOPLIST_KEY_UILaunchStoryboardName = LaunchScreen;
				INFOPLIST_KEY_UISupportedInterfaceOrientations = UIInterfaceOrientationPortrait;
				IPHONEOS_DEPLOYMENT_TARGET = 13.0;
				LD_RUNPATH_SEARCH_PATHS = (
					"$(inherited)",
					"@executable_path/Frameworks",
				);
				MARKETING_VERSION = 1.0;
				PRODUCT_BUNDLE_IDENTIFIER = ArtsiomSulzhenka.SwipeCards;
				PRODUCT_NAME = "$(TARGET_NAME)";
				SWIFT_EMIT_LOC_STRINGS = YES;
				SWIFT_VERSION = 5.0;
				TARGETED_DEVICE_FAMILY = "1,2";
			};
			name = Debug;
		};
		06E0C52C2B49C0AC00141750 /* Release */ = {
			isa = XCBuildConfiguration;
			buildSettings = {
				ASSETCATALOG_COMPILER_APPICON_NAME = AppIcon;
				ASSETCATALOG_COMPILER_GLOBAL_ACCENT_COLOR_NAME = AccentColor;
				CODE_SIGN_STYLE = Automatic;
				CURRENT_PROJECT_VERSION = 1;
				DEVELOPMENT_TEAM = T5K8V44L2C;
				GENERATE_INFOPLIST_FILE = YES;
				INFOPLIST_FILE = "SwipeCards/Supporting Files/Info.plist";
				INFOPLIST_KEY_UIApplicationSupportsIndirectInputEvents = YES;
				INFOPLIST_KEY_UILaunchStoryboardName = LaunchScreen;
				INFOPLIST_KEY_UISupportedInterfaceOrientations = UIInterfaceOrientationPortrait;
				IPHONEOS_DEPLOYMENT_TARGET = 13.0;
				LD_RUNPATH_SEARCH_PATHS = (
					"$(inherited)",
					"@executable_path/Frameworks",
				);
				MARKETING_VERSION = 1.0;
				PRODUCT_BUNDLE_IDENTIFIER = ArtsiomSulzhenka.SwipeCards;
				PRODUCT_NAME = "$(TARGET_NAME)";
				SWIFT_EMIT_LOC_STRINGS = YES;
				SWIFT_VERSION = 5.0;
				TARGETED_DEVICE_FAMILY = "1,2";
			};
			name = Release;
		};
/* End XCBuildConfiguration section */

/* Begin XCConfigurationList section */
		06E0C5112B49C0A900141750 /* Build configuration list for PBXProject "SwipeCards" */ = {
			isa = XCConfigurationList;
			buildConfigurations = (
				06E0C5282B49C0AC00141750 /* Debug */,
				06E0C5292B49C0AC00141750 /* Release */,
			);
			defaultConfigurationIsVisible = 0;
			defaultConfigurationName = Release;
		};
		06E0C52A2B49C0AC00141750 /* Build configuration list for PBXNativeTarget "SwipeCards" */ = {
			isa = XCConfigurationList;
			buildConfigurations = (
				06E0C52B2B49C0AC00141750 /* Debug */,
				06E0C52C2B49C0AC00141750 /* Release */,
			);
			defaultConfigurationIsVisible = 0;
			defaultConfigurationName = Release;
		};
/* End XCConfigurationList section */
	};
	rootObject = 06E0C50E2B49C0A900141750 /* Project object */;
}
